{
  "originHash" : "b037a9ad18fc79774023a3d831c0273ab6b4e51acb2c38d085d3f69cd465b2ae",
  "pins" : [
    {
      "identity" : "ollamakit",
      "kind" : "remoteSourceControl",
      "location" : "https://github.com/1amageek/OllamaKit.git",
      "state" : {
        "branch" : "main",
        "revision" : "691604d081e1964f518013e3a291f628a3ac6828"
      }
    },
    {
      "identity" : "swift-argument-parser",
      "kind" : "remoteSourceControl",
      "location" : "https://github.com/apple/swift-argument-parser.git",
      "state" : {
        "branch" : "main",
        "revision" : "41d58ffe702cfe7b00b2c4c6a6611d9d25a0adc1"
      }
    },
    {
      "identity" : "swift-json-schema",
      "kind" : "remoteSourceControl",
      "location" : "https://github.com/kevinhermawan/swift-json-schema.git",
      "state" : {
        "revision" : "4a9284e44d8ef2bfc863734e9ff535909ae6b27a",
        "version" : "2.0.1"
      }
    }
  ],
  "version" : 3
}
