{
  "originHash" : "2116de7c043e1116085ce238fbffb02e92cf4ed6a388ca71c021381d8c3bed11",
  "pins" : [
    {
      "identity" : "ollamakit",
      "kind" : "remoteSourceControl",
      "location" : "https://github.com/1amageek/OllamaKit.git",
      "state" : {
        "branch" : "main",
        "revision" : "691604d081e1964f518013e3a291f628a3ac6828"
      }
    },
    {
      "identity" : "openai",
      "kind" : "remoteSourceControl",
      "location" : "https://github.com/MacPaw/OpenAI.git",
      "state" : {
        "branch" : "main",
        "revision" : "843e087929aa806adb611dbca93f9a4a7f28be04"
      }
    },
    {
      "identity" : "swift-argument-parser",
      "kind" : "remoteSourceControl",
      "location" : "https://github.com/apple/swift-argument-parser.git",
      "state" : {
        "branch" : "main",
        "revision" : "41d58ffe702cfe7b00b2c4c6a6611d9d25a0adc1"
      }
    },
    {
      "identity" : "swift-json-schema",
      "kind" : "remoteSourceControl",
      "location" : "https://github.com/1amageek/swift-json-schema.git",
      "state" : {
        "branch" : "main",
        "revision" : "b6e888849bb2e6c2660c4c3bc156219a2f295a40"
      }
    },
    {
      "identity" : "swiftanthropic",
      "kind" : "remoteSourceControl",
      "location" : "https://github.com/jamesrochabrun/SwiftAnthropic.git",
      "state" : {
        "branch" : "main",
        "revision" : "bdf0a66e569fc2455b034ca091b9670a79a33b1f"
      }
    }
  ],
  "version" : 3
}
